
Microsoft Visual Studio Solution File, Format Version 12.00
# Visual Studio 15
VisualStudioVersion = 15.0.28307.271
MinimumVisualStudioVersion = 10.0.40219.1
Project("{FAE04EC0-301F-11D3-BF4B-00C04F79EFBC}") = "Ubject.Core", "ubject.core\Ubject.Core.csproj", "{97645959-AB5E-4E23-9113-CF47F6340DE1}"
EndProject
Global
	GlobalSection(SolutionConfigurationPlatforms) = preSolution
		Debug|Any CPU = Debug|Any CPU
		Release|Any CPU = Release|Any CPU
	EndGlobalSection
	GlobalSection(ProjectConfigurationPlatforms) = postSolution
		{97645959-AB5E-4E23-9113-CF47F6340DE1}.Debug|Any CPU.ActiveCfg = Debug|Any CPU
		{97645959-AB5E-4E23-9113-CF47F6340DE1}.Debug|Any CPU.Build.0 = Debug|Any CPU
		{97645959-AB5E-4E23-9113-CF47F6340DE1}.Release|Any CPU.ActiveCfg = Release|Any CPU
		{97645959-AB5E-4E23-9113-CF47F6340DE1}.Release|Any CPU.Build.0 = Release|Any CPU
	EndGlobalSection
	GlobalSection(SolutionProperties) = preSolution
		HideSolutionNode = FALSE
	EndGlobalSection
	GlobalSection(ExtensibilityGlobals) = postSolution
		SolutionGuid = {3C18290A-0B18-405F-B8A7-90D6E35CB8E9}
	EndGlobalSection
EndGlobal
